
Microsoft Visual Studio Solution File, Format Version 12.00
# Visual Studio Version 17
VisualStudioVersion = 17.14.36908.2
MinimumVisualStudioVersion = 10.0.40219.1
Project("{FAE04EC0-301F-11D3-BF4B-00C04F79EFBC}") = "ALGeo", "ALGeo\ALGeo.csproj", "{9A507C97-89BB-43C1-B0B2-A5FBAE411312}"
	ProjectSection(ProjectDependencies) = postProject
		{6BC23187-6D90-466C-A80C-EFF7C41F0D81} = {6BC23187-6D90-466C-A80C-EFF7C41F0D81}
	EndProjectSection
EndProject
Project("{FAE04EC0-301F-11D3-BF4B-00C04F79EFBC}") = "ALGeo_GH", "ALGeo_GH\ALGeo_GH.csproj", "{809EB548-C114-4252-909A-F4B54E6B7D14}"
EndProject
Project("{8BC9CEB8-8B4A-11D0-8D11-00A0C91BC942}") = "Solver", "Solver\Solver.vcxproj", "{6BC23187-6D90-466C-A80C-EFF7C41F0D81}"
EndProject
Global
	GlobalSection(SolutionConfigurationPlatforms) = preSolution
		Debug|Any CPU = Debug|Any CPU
		Debug|x64 = Debug|x64
		Debug|x86 = Debug|x86
		Release|Any CPU = Release|Any CPU
		Release|x64 = Release|x64
		Release|x86 = Release|x86
	EndGlobalSection
	GlobalSection(ProjectConfigurationPlatforms) = postSolution
		{9A507C97-89BB-43C1-B0B2-A5FBAE411312}.Debug|Any CPU.ActiveCfg = Debug|Any CPU
		{9A507C97-89BB-43C1-B0B2-A5FBAE411312}.Debug|Any CPU.Build.0 = Debug|Any CPU
		{9A507C97-89BB-43C1-B0B2-A5FBAE411312}.Debug|x64.ActiveCfg = Debug|x64
		{9A507C97-89BB-43C1-B0B2-A5FBAE411312}.Debug|x64.Build.0 = Debug|x64
		{9A507C97-89BB-43C1-B0B2-A5FBAE411312}.Debug|x86.ActiveCfg = Debug|Any CPU
		{9A507C97-89BB-43C1-B0B2-A5FBAE411312}.Debug|x86.Build.0 = Debug|Any CPU
		{9A507C97-89BB-43C1-B0B2-A5FBAE411312}.Release|Any CPU.ActiveCfg = Release|Any CPU
		{9A507C97-89BB-43C1-B0B2-A5FBAE411312}.Release|Any CPU.Build.0 = Release|Any CPU
		{9A507C97-89BB-43C1-B0B2-A5FBAE411312}.Release|x64.ActiveCfg = Release|x64
		{9A507C97-89BB-43C1-B0B2-A5FBAE411312}.Release|x64.Build.0 = Release|x64
		{9A507C97-89BB-43C1-B0B2-A5FBAE411312}.Release|x86.ActiveCfg = Release|Any CPU
		{9A507C97-89BB-43C1-B0B2-A5FBAE411312}.Release|x86.Build.0 = Release|Any CPU
		{809EB548-C114-4252-909A-F4B54E6B7D14}.Debug|Any CPU.ActiveCfg = Debug|Any CPU
		{809EB548-C114-4252-909A-F4B54E6B7D14}.Debug|Any CPU.Build.0 = Debug|Any CPU
		{809EB548-C114-4252-909A-F4B54E6B7D14}.Debug|x64.ActiveCfg = Debug|Any CPU
		{809EB548-C114-4252-909A-F4B54E6B7D14}.Debug|x64.Build.0 = Debug|Any CPU
		{809EB548-C114-4252-909A-F4B54E6B7D14}.Debug|x86.ActiveCfg = Debug|Any CPU
		{809EB548-C114-4252-909A-F4B54E6B7D14}.Debug|x86.Build.0 = Debug|Any CPU
		{809EB548-C114-4252-909A-F4B54E6B7D14}.Release|Any CPU.ActiveCfg = Release|Any CPU
		{809EB548-C114-4252-909A-F4B54E6B7D14}.Release|Any CPU.Build.0 = Release|Any CPU
		{809EB548-C114-4252-909A-F4B54E6B7D14}.Release|x64.ActiveCfg = Release|Any CPU
		{809EB548-C114-4252-909A-F4B54E6B7D14}.Release|x64.Build.0 = Release|Any CPU
		{809EB548-C114-4252-909A-F4B54E6B7D14}.Release|x86.ActiveCfg = Release|Any CPU
		{809EB548-C114-4252-909A-F4B54E6B7D14}.Release|x86.Build.0 = Release|Any CPU
		{6BC23187-6D90-466C-A80C-EFF7C41F0D81}.Debug|Any CPU.ActiveCfg = Debug|x64
		{6BC23187-6D90-466C-A80C-EFF7C41F0D81}.Debug|Any CPU.Build.0 = Debug|x64
		{6BC23187-6D90-466C-A80C-EFF7C41F0D81}.Debug|x64.ActiveCfg = Debug|x64
		{6BC23187-6D90-466C-A80C-EFF7C41F0D81}.Debug|x64.Build.0 = Debug|x64
		{6BC23187-6D90-466C-A80C-EFF7C41F0D81}.Debug|x86.ActiveCfg = Debug|Win32
		{6BC23187-6D90-466C-A80C-EFF7C41F0D81}.Debug|x86.Build.0 = Debug|Win32
		{6BC23187-6D90-466C-A80C-EFF7C41F0D81}.Release|Any CPU.ActiveCfg = Release|x64
		{6BC23187-6D90-466C-A80C-EFF7C41F0D81}.Release|Any CPU.Build.0 = Release|x64
		{6BC23187-6D90-466C-A80C-EFF7C41F0D81}.Release|x64.ActiveCfg = Release|x64
		{6BC23187-6D90-466C-A80C-EFF7C41F0D81}.Release|x64.Build.0 = Release|x64
		{6BC23187-6D90-466C-A80C-EFF7C41F0D81}.Release|x86.ActiveCfg = Release|Win32
		{6BC23187-6D90-466C-A80C-EFF7C41F0D81}.Release|x86.Build.0 = Release|Win32
	EndGlobalSection
	GlobalSection(SolutionProperties) = preSolution
		HideSolutionNode = FALSE
	EndGlobalSection
	GlobalSection(ExtensibilityGlobals) = postSolution
		SolutionGuid = {6E9AB352-5694-401F-8416-FE4F077666F7}
	EndGlobalSection
EndGlobal
